// !$*UTF8*$!
{
	archiveVersion = 1;
	classes = {
	};
	objectVersion = 51;
	objects = {

/* Begin PBXBuildFile section */
		6B62273CA3E6A9F5817369AB /* Pods_PlayFab.framework in Frameworks */ = {isa = PBXBuildFile; fileRef = C714221F626A1D78D74546EB /* Pods_PlayFab.framework */; };
		A2E17BB32538BD39000B8840 /* AppDelegate.swift in Sources */ = {isa = PBXBuildFile; fileRef = A2E17BB22538BD39000B8840 /* AppDelegate.swift */; };
		A2E17BB52538BD39000B8840 /* SceneDelegate.swift in Sources */ = {isa = PBXBuildFile; fileRef = A2E17BB42538BD39000B8840 /* SceneDelegate.swift */; };
		A2E17BB72538BD39000B8840 /* ViewController.swift in Sources */ = {isa = PBXBuildFile; fileRef = A2E17BB62538BD39000B8840 /* ViewController.swift */; };
		A2E17BBA2538BD39000B8840 /* Main.storyboard in Resources */ = {isa = PBXBuildFile; fileRef = A2E17BB82538BD39000B8840 /* Main.storyboard */; };
		A2E17BBC2538BD3A000B8840 /* Assets.xcassets in Resources */ = {isa = PBXBuildFile; fileRef = A2E17BBB2538BD3A000B8840 /* Assets.xcassets */; };
		A2E17BBF2538BD3A000B8840 /* LaunchScreen.storyboard in Resources */ = {isa = PBXBuildFile; fileRef = A2E17BBD2538BD3A000B8840 /* LaunchScreen.storyboard */; };
		A2E17BCD2538C0FC000B8840 /* PlayFabHelper.swift in Sources */ = {isa = PBXBuildFile; fileRef = A2E17BCC2538C0FC000B8840 /* PlayFabHelper.swift */; };
/* End PBXBuildFile section */

/* Begin PBXFileReference section */
		4D3AFC96DBBA6EFF7B11CDBC /* Pods-PlayFab.release.xcconfig */ = {isa = PBXFileReference; includeInIndex = 1; lastKnownFileType = text.xcconfig; name = "Pods-PlayFab.release.xcconfig"; path = "Target Support Files/Pods-PlayFab/Pods-PlayFab.release.xcconfig"; sourceTree = "<group>"; };
		A2E17BAF2538BD39000B8840 /* PlayFab.app */ = {isa = PBXFileReference; explicitFileType = wrapper.application; includeInIndex = 0; path = PlayFab.app; sourceTree = BUILT_PRODUCTS_DIR; };
		A2E17BB22538BD39000B8840 /* AppDelegate.swift */ = {isa = PBXFileReference; lastKnownFileType = sourcecode.swift; path = AppDelegate.swift; sourceTree = "<group>"; };
		A2E17BB42538BD39000B8840 /* SceneDelegate.swift */ = {isa = PBXFileReference; lastKnownFileType = sourcecode.swift; path = SceneDelegate.swift; sourceTree = "<group>"; };
		A2E17BB62538BD39000B8840 /* ViewController.swift */ = {isa = PBXFileReference; lastKnownFileType = sourcecode.swift; path = ViewController.swift; sourceTree = "<group>"; };
		A2E17BB92538BD39000B8840 /* Base */ = {isa = PBXFileReference; lastKnownFileType = file.storyboard; name = Base; path = Base.lproj/Main.storyboard; sourceTree = "<group>"; };
		A2E17BBB2538BD3A000B8840 /* Assets.xcassets */ = {isa = PBXFileReference; lastKnownFileType = folder.assetcatalog; path = Assets.xcassets; sourceTree = "<group>"; };
		A2E17BBE2538BD3A000B8840 /* Base */ = {isa = PBXFileReference; lastKnownFileType = file.storyboard; name = Base; path = Base.lproj/LaunchScreen.storyboard; sourceTree = "<group>"; };
		A2E17BC02538BD3A000B8840 /* Info.plist */ = {isa = PBXFileReference; lastKnownFileType = text.plist.xml; path = Info.plist; sourceTree = "<group>"; };
		A2E17BCC2538C0FC000B8840 /* PlayFabHelper.swift */ = {isa = PBXFileReference; lastKnownFileType = sourcecode.swift; path = PlayFabHelper.swift; sourceTree = "<group>"; };
		C714221F626A1D78D74546EB /* Pods_PlayFab.framework */ = {isa = PBXFileReference; explicitFileType = wrapper.framework; includeInIndex = 0; path = Pods_PlayFab.framework; sourceTree = BUILT_PRODUCTS_DIR; };
		DBE8B28A0ADBB269DDCF2FD4 /* Pods-PlayFab.debug.xcconfig */ = {isa = PBXFileReference; includeInIndex = 1; lastKnownFileType = text.xcconfig; name = "Pods-PlayFab.debug.xcconfig"; path = "Target Support Files/Pods-PlayFab/Pods-PlayFab.debug.xcconfig"; sourceTree = "<group>"; };
/* End PBXFileReference section */

/* Begin PBXFrameworksBuildPhase section */
		A2E17BAC2538BD39000B8840 /* Frameworks */ = {
			isa = PBXFrameworksBuildPhase;
			buildActionMask = 2147483647;
			files = (
				6B62273CA3E6A9F5817369AB /* Pods_PlayFab.framework in Frameworks */,
			);
			runOnlyForDeploymentPostprocessing = 0;
		};
/* End PBXFrameworksBuildPhase section */

/* Begin PBXGroup section */
		1E4A259EB72DD6CA81C0B343 /* Frameworks */ = {
			isa = PBXGroup;
			children = (
				C714221F626A1D78D74546EB /* Pods_PlayFab.framework */,
			);
			name = Frameworks;
			sourceTree = "<group>";
		};
		2DDD802B93F91064BC3B33E7 /* Pods */ = {
			isa = PBXGroup;
			children = (
				DBE8B28A0ADBB269DDCF2FD4 /* Pods-PlayFab.debug.xcconfig */,
				4D3AFC96DBBA6EFF7B11CDBC /* Pods-PlayFab.release.xcconfig */,
			);
			path = Pods;
			sourceTree = "<group>";
		};
		A2E17BA62538BD39000B8840 = {
			isa = PBXGroup;
			children = (
				A2E17BB12538BD39000B8840 /* PlayFab */,
				A2E17BB02538BD39000B8840 /* Products */,
				2DDD802B93F91064BC3B33E7 /* Pods */,
				1E4A259EB72DD6CA81C0B343 /* Frameworks */,
			);
			sourceTree = "<group>";
		};
		A2E17BB02538BD39000B8840 /* Products */ = {
			isa = PBXGroup;
			children = (
				A2E17BAF2538BD39000B8840 /* PlayFab.app */,
			);
			name = Products;
			sourceTree = "<group>";
		};
		A2E17BB12538BD39000B8840 /* PlayFab */ = {
			isa = PBXGroup;
			children = (
				A2E17BB22538BD39000B8840 /* AppDelegate.swift */,
				A2E17BB42538BD39000B8840 /* SceneDelegate.swift */,
				A2E17BB62538BD39000B8840 /* ViewController.swift */,
				A2E17BB82538BD39000B8840 /* Main.storyboard */,
				A2E17BBB2538BD3A000B8840 /* Assets.xcassets */,
				A2E17BBD2538BD3A000B8840 /* LaunchScreen.storyboard */,
				A2E17BC02538BD3A000B8840 /* Info.plist */,
				A2E17BCC2538C0FC000B8840 /* PlayFabHelper.swift */,
			);
			path = PlayFab;
			sourceTree = "<group>";
		};
/* End PBXGroup section */

/* Begin PBXNativeTarget section */
		A2E17BAE2538BD39000B8840 /* PlayFab */ = {
			isa = PBXNativeTarget;
			buildConfigurationList = A2E17BC32538BD3A000B8840 /* Build configuration list for PBXNativeTarget "PlayFab" */;
			buildPhases = (
				84F3651F071B3C10A78E98EE /* [CP] Check Pods Manifest.lock */,
				A2E17BAB2538BD39000B8840 /* Sources */,
				A2E17BAC2538BD39000B8840 /* Frameworks */,
				A2E17BAD2538BD39000B8840 /* Resources */,
				C9813806CC8D6D0BD343FA0E /* [CP] Embed Pods Frameworks */,
			);
			buildRules = (
			);
			dependencies = (
			);
			name = PlayFab;
			productName = PlayFab;
			productReference = A2E17BAF2538BD39000B8840 /* PlayFab.app */;
			productType = "com.apple.product-type.application";
		};
/* End PBXNativeTarget section */

/* Begin PBXProject section */
		A2E17BA72538BD39000B8840 /* Project object */ = {
			isa = PBXProject;
			attributes = {
				LastSwiftUpdateCheck = 1200;
				LastUpgradeCheck = 1200;
				TargetAttributes = {
					A2E17BAE2538BD39000B8840 = {
						CreatedOnToolsVersion = 12.0.1;
					};
				};
			};
			buildConfigurationList = A2E17BAA2538BD39000B8840 /* Build configuration list for PBXProject "PlayFab" */;
			compatibilityVersion = "Xcode 9.3";
			developmentRegion = en;
			hasScannedForEncodings = 0;
			knownRegions = (
				en,
				Base,
			);
			mainGroup = A2E17BA62538BD39000B8840;
			productRefGroup = A2E17BB02538BD39000B8840 /* Products */;
			projectDirPath = "";
			projectRoot = "";
			targets = (
				A2E17BAE2538BD39000B8840 /* PlayFab */,
			);
		};
/* End PBXProject section */

/* Begin PBXResourcesBuildPhase section */
		A2E17BAD2538BD39000B8840 /* Resources */ = {
			isa = PBXResourcesBuildPhase;
			buildActionMask = 2147483647;
			files = (
				A2E17BBF2538BD3A000B8840 /* LaunchScreen.storyboard in Resources */,
				A2E17BBC2538BD3A000B8840 /* Assets.xcassets in Resources */,
				A2E17BBA2538BD39000B8840 /* Main.storyboard in Resources */,
			);
			runOnlyForDeploymentPostprocessing = 0;
		};
/* End PBXResourcesBuildPhase section */

/* Begin PBXShellScriptBuildPhase section */
		84F3651F071B3C10A78E98EE /* [CP] Check Pods Manifest.lock */ = {
			isa = PBXShellScriptBuildPhase;
			buildActionMask = 2147483647;
			files = (
			);
			inputFileListPaths = (
			);
			inputPaths = (
				"${PODS_PODFILE_DIR_PATH}/Podfile.lock",
				"${PODS_ROOT}/Manifest.lock",
			);
			name = "[CP] Check Pods Manifest.lock";
			outputFileListPaths = (
			);
			outputPaths = (
				"$(DERIVED_FILE_DIR)/Pods-PlayFab-checkManifestLockResult.txt",
			);
			runOnlyForDeploymentPostprocessing = 0;
			shellPath = /bin/sh;
			shellScript = "diff \"${PODS_PODFILE_DIR_PATH}/Podfile.lock\" \"${PODS_ROOT}/Manifest.lock\" > /dev/null\nif [ $? != 0 ] ; then\n    # print error to STDERR\n    echo \"error: The sandbox is not in sync with the Podfile.lock. Run 'pod install' or update your CocoaPods installation.\" >&2\n    exit 1\nfi\n# This output is used by Xcode 'outputs' to avoid re-running this script phase.\necho \"SUCCESS\" > \"${SCRIPT_OUTPUT_FILE_0}\"\n";
			showEnvVarsInLog = 0;
		};
		C9813806CC8D6D0BD343FA0E /* [CP] Embed Pods Frameworks */ = {
			isa = PBXShellScriptBuildPhase;
			buildActionMask = 2147483647;
			files = (
			);
			inputFileListPaths = (
				"${PODS_ROOT}/Target Support Files/Pods-PlayFab/Pods-PlayFab-frameworks-${CONFIGURATION}-input-files.xcfilelist",
			);
			name = "[CP] Embed Pods Frameworks";
			outputFileListPaths = (
				"${PODS_ROOT}/Target Support Files/Pods-PlayFab/Pods-PlayFab-frameworks-${CONFIGURATION}-output-files.xcfilelist",
			);
			runOnlyForDeploymentPostprocessing = 0;
			shellPath = /bin/sh;
			shellScript = "\"${PODS_ROOT}/Target Support Files/Pods-PlayFab/Pods-PlayFab-frameworks.sh\"\n";
			showEnvVarsInLog = 0;
		};
/* End PBXShellScriptBuildPhase section */

/* Begin PBXSourcesBuildPhase section */
		A2E17BAB2538BD39000B8840 /* Sources */ = {
			isa = PBXSourcesBuildPhase;
			buildActionMask = 2147483647;
			files = (
				A2E17BB72538BD39000B8840 /* ViewController.swift in Sources */,
				A2E17BCD2538C0FC000B8840 /* PlayFabHelper.swift in Sources */,
				A2E17BB32538BD39000B8840 /* AppDelegate.swift in Sources */,
				A2E17BB52538BD39000B8840 /* SceneDelegate.swift in Sources */,
			);
			runOnlyForDeploymentPostprocessing = 0;
		};
/* End PBXSourcesBuildPhase section */

/* Begin PBXVariantGroup section */
		A2E17BB82538BD39000B8840 /* Main.storyboard */ = {
			isa = PBXVariantGroup;
			children = (
				A2E17BB92538BD39000B8840 /* Base */,
			);
			name = Main.storyboard;
			sourceTree = "<group>";
		};
		A2E17BBD2538BD3A000B8840 /* LaunchScreen.storyboard */ = {
			isa = PBXVariantGroup;
			children = (
				A2E17BBE2538BD3A000B8840 /* Base */,
			);
			name = LaunchScreen.storyboard;
			sourceTree = "<group>";
		};
/* End PBXVariantGroup section */

/* Begin XCBuildConfiguration section */
		A2E17BC12538BD3A000B8840 /* Debug */ = {
			isa = XCBuildConfiguration;
			buildSettings = {
				ALWAYS_SEARCH_USER_PATHS = NO;
				CLANG_ANALYZER_NONNULL = YES;
				CLANG_ANALYZER_NUMBER_OBJECT_CONVERSION = YES_AGGRESSIVE;
				CLANG_CXX_LANGUAGE_STANDARD = "gnu++14";
				CLANG_CXX_LIBRARY = "libc++";
				CLANG_ENABLE_MODULES = YES;
				CLANG_ENABLE_OBJC_ARC = YES;
				CLANG_ENABLE_OBJC_WEAK = YES;
				CLANG_WARN_BLOCK_CAPTURE_AUTORELEASING = YES;
				CLANG_WARN_BOOL_CONVERSION = YES;
				CLANG_WARN_COMMA = YES;
				CLANG_WARN_CONSTANT_CONVERSION = YES;
				CLANG_WARN_DEPRECATED_OBJC_IMPLEMENTATIONS = YES;
				CLANG_WARN_DIRECT_OBJC_ISA_USAGE = YES_ERROR;
				CLANG_WARN_DOCUMENTATION_COMMENTS = YES;
				CLANG_WARN_EMPTY_BODY = YES;
				CLANG_WARN_ENUM_CONVERSION = YES;
				CLANG_WARN_INFINITE_RECURSION = YES;
				CLANG_WARN_INT_CONVERSION = YES;
				CLANG_WARN_NON_LITERAL_NULL_CONVERSION = YES;
				CLANG_WARN_OBJC_IMPLICIT_RETAIN_SELF = YES;
				CLANG_WARN_OBJC_LITERAL_CONVERSION = YES;
				CLANG_WARN_OBJC_ROOT_CLASS = YES_ERROR;
				CLANG_WARN_QUOTED_INCLUDE_IN_FRAMEWORK_HEADER = YES;
				CLANG_WARN_RANGE_LOOP_ANALYSIS = YES;
				CLANG_WARN_STRICT_PROTOTYPES = YES;
				CLANG_WARN_SUSPICIOUS_MOVE = YES;
				CLANG_WARN_UNGUARDED_AVAILABILITY = YES_AGGRESSIVE;
				CLANG_WARN_UNREACHABLE_CODE = YES;
				CLANG_WARN__DUPLICATE_METHOD_MATCH = YES;
				COPY_PHASE_STRIP = NO;
				DEBUG_INFORMATION_FORMAT = dwarf;
				ENABLE_STRICT_OBJC_MSGSEND = YES;
				ENABLE_TESTABILITY = YES;
				GCC_C_LANGUAGE_STANDARD = gnu11;
				GCC_DYNAMIC_NO_PIC = NO;
				GCC_NO_COMMON_BLOCKS = YES;
				GCC_OPTIMIZATION_LEVEL = 0;
				GCC_PREPROCESSOR_DEFINITIONS = (
					"DEBUG=1",
					"$(inherited)",
				);
				GCC_WARN_64_TO_32_BIT_CONVERSION = YES;
				GCC_WARN_ABOUT_RETURN_TYPE = YES_ERROR;
				GCC_WARN_UNDECLARED_SELECTOR = YES;
				GCC_WARN_UNINITIALIZED_AUTOS = YES_AGGRESSIVE;
				GCC_WARN_UNUSED_FUNCTION = YES;
				GCC_WARN_UNUSED_VARIABLE = YES;
				IPHONEOS_DEPLOYMENT_TARGET = 14.0;
				MTL_ENABLE_DEBUG_INFO = INCLUDE_SOURCE;
				MTL_FAST_MATH = YES;
				ONLY_ACTIVE_ARCH = YES;
				SDKROOT = iphoneos;
				SWIFT_ACTIVE_COMPILATION_CONDITIONS = DEBUG;
				SWIFT_OPTIMIZATION_LEVEL = "-Onone";
			};
			name = Debug;
		};
		A2E17BC22538BD3A000B8840 /* Release */ = {
			isa = XCBuildConfiguration;
			buildSettings = {
				ALWAYS_SEARCH_USER_PATHS = NO;
				CLANG_ANALYZER_NONNULL = YES;
				CLANG_ANALYZER_NUMBER_OBJECT_CONVERSION = YES_AGGRESSIVE;
				CLANG_CXX_LANGUAGE_STANDARD = "gnu++14";
				CLANG_CXX_LIBRARY = "libc++";
				CLANG_ENABLE_MODULES = YES;
				CLANG_ENABLE_OBJC_ARC = YES;
				CLANG_ENABLE_OBJC_WEAK = YES;
				CLANG_WARN_BLOCK_CAPTURE_AUTORELEASING = YES;
				CLANG_WARN_BOOL_CONVERSION = YES;
				CLANG_WARN_COMMA = YES;
				CLANG_WARN_CONSTANT_CONVERSION = YES;
				CLANG_WARN_DEPRECATED_OBJC_IMPLEMENTATIONS = YES;
				CLANG_WARN_DIRECT_OBJC_ISA_USAGE = YES_ERROR;
				CLANG_WARN_DOCUMENTATION_COMMENTS = YES;
				CLANG_WARN_EMPTY_BODY = YES;
				CLANG_WARN_ENUM_CONVERSION = YES;
				CLANG_WARN_INFINITE_RECURSION = YES;
				CLANG_WARN_INT_CONVERSION = YES;
				CLANG_WARN_NON_LITERAL_NULL_CONVERSION = YES;
				CLANG_WARN_OBJC_IMPLICIT_RETAIN_SELF = YES;
				CLANG_WARN_OBJC_LITERAL_CONVERSION = YES;
				CLANG_WARN_OBJC_ROOT_CLASS = YES_ERROR;
				CLANG_WARN_QUOTED_INCLUDE_IN_FRAMEWORK_HEADER = YES;
				CLANG_WARN_RANGE_LOOP_ANALYSIS = YES;
				CLANG_WARN_STRICT_PROTOTYPES = YES;
				CLANG_WARN_SUSPICIOUS_MOVE = YES;
				CLANG_WARN_UNGUARDED_AVAILABILITY = YES_AGGRESSIVE;
				CLANG_WARN_UNREACHABLE_CODE = YES;
				CLANG_WARN__DUPLICATE_METHOD_MATCH = YES;
				COPY_PHASE_STRIP = NO;
				DEBUG_INFORMATION_FORMAT = "dwarf-with-dsym";
				ENABLE_NS_ASSERTIONS = NO;
				ENABLE_STRICT_OBJC_MSGSEND = YES;
				GCC_C_LANGUAGE_STANDARD = gnu11;
				GCC_NO_COMMON_BLOCKS = YES;
				GCC_WARN_64_TO_32_BIT_CONVERSION = YES;
				GCC_WARN_ABOUT_RETURN_TYPE = YES_ERROR;
				GCC_WARN_UNDECLARED_SELECTOR = YES;
				GCC_WARN_UNINITIALIZED_AUTOS = YES_AGGRESSIVE;
				GCC_WARN_UNUSED_FUNCTION = YES;
				GCC_WARN_UNUSED_VARIABLE = YES;
				IPHONEOS_DEPLOYMENT_TARGET = 14.0;
				MTL_ENABLE_DEBUG_INFO = NO;
				MTL_FAST_MATH = YES;
				SDKROOT = iphoneos;
				SWIFT_COMPILATION_MODE = wholemodule;
				SWIFT_OPTIMIZATION_LEVEL = "-O";
				VALIDATE_PRODUCT = YES;
			};
			name = Release;
		};
		A2E17BC42538BD3A000B8840 /* Debug */ = {
			isa = XCBuildConfiguration;
			baseConfigurationReference = DBE8B28A0ADBB269DDCF2FD4 /* Pods-PlayFab.debug.xcconfig */;
			buildSettings = {
				ASSETCATALOG_COMPILER_APPICON_NAME = AppIcon;
				ASSETCATALOG_COMPILER_GLOBAL_ACCENT_COLOR_NAME = AccentColor;
				CODE_SIGN_STYLE = Automatic;
				DEVELOPMENT_TEAM = 73V22638MH;
				INFOPLIST_FILE = PlayFab/Info.plist;
				LD_RUNPATH_SEARCH_PATHS = (
					"$(inherited)",
					"@executable_path/Frameworks",
				);
				PRODUCT_BUNDLE_IDENTIFIER = todosVuelan.PlayFab;
				PRODUCT_NAME = "$(TARGET_NAME)";
				SWIFT_VERSION = 5.0;
				TARGETED_DEVICE_FAMILY = "1,2";
			};
			name = Debug;
		};
		A2E17BC52538BD3A000B8840 /* Release */ = {
			isa = XCBuildConfiguration;
			baseConfigurationReference = 4D3AFC96DBBA6EFF7B11CDBC /* Pods-PlayFab.release.xcconfig */;
			buildSettings = {
				ASSETCATALOG_COMPILER_APPICON_NAME = AppIcon;
				ASSETCATALOG_COMPILER_GLOBAL_ACCENT_COLOR_NAME = AccentColor;
				CODE_SIGN_STYLE = Automatic;
				DEVELOPMENT_TEAM = 73V22638MH;
				INFOPLIST_FILE = PlayFab/Info.plist;
				LD_RUNPATH_SEARCH_PATHS = (
					"$(inherited)",
					"@executable_path/Frameworks",
				);
				PRODUCT_BUNDLE_IDENTIFIER = todosVuelan.PlayFab;
				PRODUCT_NAME = "$(TARGET_NAME)";
				SWIFT_VERSION = 5.0;
				TARGETED_DEVICE_FAMILY = "1,2";
			};
			name = Release;
		};
/* End XCBuildConfiguration section */

/* Begin XCConfigurationList section */
		A2E17BAA2538BD39000B8840 /* Build configuration list for PBXProject "PlayFab" */ = {
			isa = XCConfigurationList;
			buildConfigurations = (
				A2E17BC12538BD3A000B8840 /* Debug */,
				A2E17BC22538BD3A000B8840 /* Release */,
			);
			defaultConfigurationIsVisible = 0;
			defaultConfigurationName = Release;
		};
		A2E17BC32538BD3A000B8840 /* Build configuration list for PBXNativeTarget "PlayFab" */ = {
			isa = XCConfigurationList;
			buildConfigurations = (
				A2E17BC42538BD3A000B8840 /* Debug */,
				A2E17BC52538BD3A000B8840 /* Release */,
			);
			defaultConfigurationIsVisible = 0;
			defaultConfigurationName = Release;
		};
/* End XCConfigurationList section */
	};
	rootObject = A2E17BA72538BD39000B8840 /* Project object */;
}
